<?xml version="1.0" encoding="utf-8"?>
<Project ToolsVersion="4.0" xmlns="http://schemas.microsoft.com/developer/msbuild/2003">
  <ItemGroup>
    <Filter Include="Source Files">
      <UniqueIdentifier>{4FC737F1-C7A5-4376-A066-2A32D752A2FF}</UniqueIdentifier>
      <Extensions>cpp;c;cc;cxx;c++;cppm;ixx;def;odl;idl;hpj;bat;asm;asmx</Extensions>
    </Filter>
    <Filter Include="Source Files\Noise">
      <UniqueIdentifier>{bdcb9b7b-b89b-40f6-ba13-09ff616a6408}</UniqueIdentifier>
    </Filter>
    <Filter Include="Source Files\Entities">
      <UniqueIdentifier>{ab41eab9-eefa-4eb6-823d-989fa1bbcaa4}</UniqueIdentifier>
    </Filter>
    <Filter Include="Source Files\UI">
      <UniqueIdentifier>{ee47b995-dc5e-4811-90b9-0d5eda498cc0}</UniqueIdentifier>
    </Filter>
    <Filter Include="Source Files\UI\ActualScreens">
      <UniqueIdentifier>{d19c1ac5-e501-409a-a325-a516dc1cb35e}</UniqueIdentifier>
    </Filter>
    <Filter Include="Source Files\UI\ActualWidgets">
      <UniqueIdentifier>{5804e0b9-d769-4069-95bf-1cf593363516}</UniqueIdentifier>
    </Filter>
    <Filter Include="Source Files\EarlyInfdevNoise">
      <UniqueIdentifier>{b62f7c0f-c96c-4227-90ab-8a836bac96db}</UniqueIdentifier>
    </Filter>
    <Filter Include="Source Files\Items">
      <UniqueIdentifier>{c74ba829-374a-4c32-8e8b-226663aede78}</UniqueIdentifier>
    </Filter>
    <Filter Include="Source Files\MidInfdevNoise">
      <UniqueIdentifier>{975523eb-10ed-4475-829a-62d981da98f4}</UniqueIdentifier>
    </Filter>
  </ItemGroup>
  <ItemGroup>
    <ClCompile Include="Main.cpp">
      <Filter>Source Files</Filter>
    </ClCompile>
    <ClCompile Include="Game.cpp">
      <Filter>Source Files</Filter>
    </ClCompile>
    <ClCompile Include="Window.cpp">
      <Filter>Source Files</Filter>
    </ClCompile>
    <ClCompile Include="glad.c">
      <Filter>Source Files</Filter>
    </ClCompile>
    <ClCompile Include="Shader.cpp">
      <Filter>Source Files</Filter>
    </ClCompile>
    <ClCompile Include="Model.cpp">
      <Filter>Source Files</Filter>
    </ClCompile>
    <ClCompile Include="Camera.cpp">
      <Filter>Source Files</Filter>
    </ClCompile>
    <ClCompile Include="Chunk.cpp">
      <Filter>Source Files</Filter>
    </ClCompile>
    <ClCompile Include="Texture.cpp">
      <Filter>Source Files</Filter>
    </ClCompile>
    <ClCompile Include="Level.cpp">
      <Filter>Source Files</Filter>
    </ClCompile>
    <ClCompile Include="PerlinNoise.cpp">
      <Filter>Source Files\Noise</Filter>
    </ClCompile>
    <ClCompile Include="Noise.cpp">
      <Filter>Source Files\Noise</Filter>
    </ClCompile>
    <ClCompile Include="OctaveNoise.cpp">
      <Filter>Source Files\Noise</Filter>
    </ClCompile>
    <ClCompile Include="CombinedNoise.cpp">
      <Filter>Source Files\Noise</Filter>
    </ClCompile>
    <ClCompile Include="Block.cpp">
      <Filter>Source Files</Filter>
    </ClCompile>
    <ClCompile Include="AABB.cpp">
      <Filter>Source Files</Filter>
    </ClCompile>
    <ClCompile Include="Entity.cpp">
      <Filter>Source Files\Entities</Filter>
    </ClCompile>
    <ClCompile Include="Player.cpp">
      <Filter>Source Files\Entities</Filter>
    </ClCompile>
    <ClCompile Include="Utilities.cpp">
      <Filter>Source Files</Filter>
    </ClCompile>
    <ClCompile Include="UIManager.cpp">
      <Filter>Source Files\UI</Filter>
    </ClCompile>
    <ClCompile Include="Widget.cpp">
      <Filter>Source Files\UI</Filter>
    </ClCompile>
    <ClCompile Include="UIScreen.cpp">
      <Filter>Source Files\UI</Filter>
    </ClCompile>
    <ClCompile Include="PlayerHUDScreen.cpp">
      <Filter>Source Files\UI\ActualScreens</Filter>
    </ClCompile>
    <ClCompile Include="PlayerInventory.cpp">
      <Filter>Source Files\UI\ActualScreens</Filter>
    </ClCompile>
    <ClCompile Include="Button.cpp">
      <Filter>Source Files\UI\ActualWidgets</Filter>
    </ClCompile>
    <ClCompile Include="MenuButtons.cpp">
      <Filter>Source Files\UI\ActualWidgets</Filter>
    </ClCompile>
    <ClCompile Include="PauseMenu.cpp">
      <Filter>Source Files\UI\ActualScreens</Filter>
    </ClCompile>
    <ClCompile Include="NoiseGeneratorOne.cpp">
      <Filter>Source Files\EarlyInfdevNoise</Filter>
    </ClCompile>
    <ClCompile Include="NoiseGeneratorPerlin.cpp">
      <Filter>Source Files\EarlyInfdevNoise</Filter>
    </ClCompile>
    <ClCompile Include="NoiseGeneratorOctave.cpp">
      <Filter>Source Files\EarlyInfdevNoise</Filter>
    </ClCompile>
    <ClCompile Include="Item.cpp">
      <Filter>Source Files\Items</Filter>
    </ClCompile>
    <ClCompile Include="InventoryItem.cpp">
      <Filter>Source Files\Items</Filter>
    </ClCompile>
    <ClCompile Include="ItemDisplayer.cpp">
      <Filter>Source Files\UI\ActualWidgets</Filter>
    </ClCompile>
    <ClCompile Include="NoiseGeneratorOctave2.cpp">
      <Filter>Source Files\MidInfdevNoise</Filter>
    </ClCompile>
    <ClCompile Include="NoiseGeneratorPerlin2.cpp">
      <Filter>Source Files\MidInfdevNoise</Filter>
    </ClCompile>
    <ClCompile Include="MathHelper.cpp">
      <Filter>Source Files</Filter>
    </ClCompile>
  </ItemGroup>
  <ItemGroup>
    <ClInclude Include="Game.h">
      <Filter>Source Files</Filter>
    </ClInclude>
    <ClInclude Include="Window.h">
      <Filter>Source Files</Filter>
    </ClInclude>
    <ClInclude Include="Shader.h">
      <Filter>Source Files</Filter>
    </ClInclude>
    <ClInclude Include="Model.h">
      <Filter>Source Files</Filter>
    </ClInclude>
    <ClInclude Include="Block.h">
      <Filter>Source Files</Filter>
    </ClInclude>
    <ClInclude Include="Chunk.h">
      <Filter>Source Files</Filter>
    </ClInclude>
    <ClInclude Include="Camera.h">
      <Filter>Source Files</Filter>
    </ClInclude>
    <ClInclude Include="stbi_image.h">
      <Filter>Source Files</Filter>
    </ClInclude>
    <ClInclude Include="Texture.h">
      <Filter>Source Files</Filter>
    </ClInclude>
    <ClInclude Include="Level.h">
      <Filter>Source Files</Filter>
    </ClInclude>
    <ClInclude Include="PerlinNoise.h">
      <Filter>Source Files\Noise</Filter>
    </ClInclude>
    <ClInclude Include="Noise.h">
      <Filter>Source Files\Noise</Filter>
    </ClInclude>
    <ClInclude Include="OctaveNoise.h">
      <Filter>Source Files\Noise</Filter>
    </ClInclude>
    <ClInclude Include="CombinedNoise.h">
      <Filter>Source Files\Noise</Filter>
    </ClInclude>
    <ClInclude Include="AABB.h">
      <Filter>Source Files</Filter>
    </ClInclude>
    <ClInclude Include="Entity.h">
      <Filter>Source Files\Entities</Filter>
    </ClInclude>
    <ClInclude Include="Player.h">
      <Filter>Source Files\Entities</Filter>
    </ClInclude>
    <ClInclude Include="Utilities.h">
      <Filter>Source Files</Filter>
    </ClInclude>
    <ClInclude Include="UIManager.h">
      <Filter>Source Files\UI</Filter>
    </ClInclude>
    <ClInclude Include="Widget.h">
      <Filter>Source Files\UI</Filter>
    </ClInclude>
    <ClInclude Include="UIScreen.h">
      <Filter>Source Files\UI</Filter>
    </ClInclude>
    <ClInclude Include="PlayerHUDScreen.h">
      <Filter>Source Files\UI\ActualScreens</Filter>
    </ClInclude>
    <ClInclude Include="PlayerInventory.h">
      <Filter>Source Files\UI\ActualScreens</Filter>
    </ClInclude>
    <ClInclude Include="Button.h">
      <Filter>Source Files\UI\ActualWidgets</Filter>
    </ClInclude>
    <ClInclude Include="MenuButtons.h">
      <Filter>Source Files\UI\ActualWidgets</Filter>
    </ClInclude>
    <ClInclude Include="PauseMenu.h">
      <Filter>Source Files\UI\ActualScreens</Filter>
    </ClInclude>
    <ClInclude Include="NoiseGeneratorOne.h">
      <Filter>Source Files\EarlyInfdevNoise</Filter>
    </ClInclude>
    <ClInclude Include="NoiseGeneratorPerlin.h">
      <Filter>Source Files\EarlyInfdevNoise</Filter>
    </ClInclude>
    <ClInclude Include="Random.h">
      <Filter>Source Files</Filter>
    </ClInclude>
    <ClInclude Include="NoiseGeneratorOctave.h">
      <Filter>Source Files\EarlyInfdevNoise</Filter>
    </ClInclude>
    <ClInclude Include="Item.h">
      <Filter>Source Files\Items</Filter>
    </ClInclude>
    <ClInclude Include="InventoryItem.h">
      <Filter>Source Files\Items</Filter>
    </ClInclude>
    <ClInclude Include="MathHelper.h">
      <Filter>Source Files</Filter>
    </ClInclude>
    <ClInclude Include="ItemDisplayer.h">
      <Filter>Source Files\UI\ActualWidgets</Filter>
    </ClInclude>
    <ClInclude Include="NoiseGeneratorOctave2.h">
      <Filter>Source Files\MidInfdevNoise</Filter>
    </ClInclude>
    <ClInclude Include="NoiseGeneratorPerlin2.h">
      <Filter>Source Files\MidInfdevNoise</Filter>
    </ClInclude>
  </ItemGroup>
  <ItemGroup>
    <None Include="defaultVertex.file">
      <Filter>Source Files</Filter>
    </None>
    <None Include="defaultFragment.file">
      <Filter>Source Files</Filter>
    </None>
    <None Include="UIVertex.file">
      <Filter>Source Files\UI</Filter>
    </None>
    <None Include="UIFragment.file">
      <Filter>Source Files\UI</Filter>
    </None>
    <None Include="cloudsVertex.file">
      <Filter>Source Files</Filter>
    </None>
    <None Include="cloudsFragment.file">
      <Filter>Source Files</Filter>
    </None>
    <None Include="waterFragment.file">
      <Filter>Source Files</Filter>
    </None>
    <None Include="waterVertex.file">
      <Filter>Source Files</Filter>
    </None>
  </ItemGroup>
</Project>