<?xml version="1.0" encoding="utf-8"?>
<Project ToolsVersion="4.0" xmlns="http://schemas.microsoft.com/developer/msbuild/2003">
  <ItemGroup>
    <Filter Include="Source Files">
      <UniqueIdentifier>{4FC737F1-C7A5-4376-A066-2A32D752A2FF}</UniqueIdentifier>
      <Extensions>cpp;c;cc;cxx;c++;cppm;ixx;def;odl;idl;hpj;bat;asm;asmx</Extensions>
    </Filter>
    <Filter Include="Source Files\Noise">
      <UniqueIdentifier>{bdcb9b7b-b89b-40f6-ba13-09ff616a6408}</UniqueIdentifier>
    </Filter>
    <Filter Include="Source Files\Entities">
      <UniqueIdentifier>{ab41eab9-eefa-4eb6-823d-989fa1bbcaa4}</UniqueIdentifier>
    </Filter>
    <Filter Include="Source Files\UI">
      <UniqueIdentifier>{ee47b995-dc5e-4811-90b9-0d5eda498cc0}</UniqueIdentifier>
    </Filter>
    <Filter Include="Source Files\UI\ActualScreens">
      <UniqueIdentifier>{d19c1ac5-e501-409a-a325-a516dc1cb35e}</UniqueIdentifier>
    </Filter>
    <Filter Include="Source Files\UI\ActualWidgets">
      <UniqueIdentifier>{5804e0b9-d769-4069-95bf-1cf593363516}</UniqueIdentifier>
    </Filter>
    <Filter Include="Source Files\EarlyInfdevNoise">
      <UniqueIdentifier>{b62f7c0f-c96c-4227-90ab-8a836bac96db}</UniqueIdentifier>
    </Filter>
    <Filter Include="Source Files\Items">
      <UniqueIdentifier>{c74ba829-374a-4c32-8e8b-226663aede78}</UniqueIdentifier>
    </Filter>
    <Filter Include="Source Files\MidInfdevNoise">
      <UniqueIdentifier>{975523eb-10ed-4475-829a-62d981da98f4}</UniqueIdentifier>
    </Filter>
    <Filter Include="Source Files\AlphaInfdevNoise">
      <UniqueIdentifier>{5c1abc9c-1e22-4579-8a81-f174777d8d13}</UniqueIdentifier>
    </Filter>
    <Filter Include="Source Files\TerrainGenerators">
      <UniqueIdentifier>{5a5835fb-d7ee-4f03-a12b-59ae8812bb14}</UniqueIdentifier>
    </Filter>
    <Filter Include="ImGui">
      <UniqueIdentifier>{59723cca-1e25-4d8c-9d71-14508c29427d}</UniqueIdentifier>
    </Filter>
  </ItemGroup>
  <ItemGroup>
    <ClCompile Include="Src\NoiseGeneratorPerlin3.cpp">
      <Filter>Source Files\AlphaInfdevNoise</Filter>
    </ClCompile>
    <ClCompile Include="Src\NoiseGeneratorOctave3.cpp">
      <Filter>Source Files\AlphaInfdevNoise</Filter>
    </ClCompile>
    <ClCompile Include="Src\NoiseGeneratorOctave.cpp">
      <Filter>Source Files\EarlyInfdevNoise</Filter>
    </ClCompile>
    <ClCompile Include="Src\NoiseGeneratorPerlin.cpp">
      <Filter>Source Files\EarlyInfdevNoise</Filter>
    </ClCompile>
    <ClCompile Include="Src\Entity.cpp">
      <Filter>Source Files\Entities</Filter>
    </ClCompile>
    <ClCompile Include="Src\Player.cpp">
      <Filter>Source Files\Entities</Filter>
    </ClCompile>
    <ClCompile Include="Src\InventoryItem.cpp">
      <Filter>Source Files\Items</Filter>
    </ClCompile>
    <ClCompile Include="Src\Item.cpp">
      <Filter>Source Files\Items</Filter>
    </ClCompile>
    <ClCompile Include="Src\NoiseGeneratorOctave2.cpp">
      <Filter>Source Files\MidInfdevNoise</Filter>
    </ClCompile>
    <ClCompile Include="Src\NoiseGeneratorPerlin2.cpp">
      <Filter>Source Files\MidInfdevNoise</Filter>
    </ClCompile>
    <ClCompile Include="Src\CombinedNoise.cpp">
      <Filter>Source Files\Noise</Filter>
    </ClCompile>
    <ClCompile Include="Src\Noise.cpp">
      <Filter>Source Files\Noise</Filter>
    </ClCompile>
    <ClCompile Include="Src\OctaveNoise.cpp">
      <Filter>Source Files\Noise</Filter>
    </ClCompile>
    <ClCompile Include="Src\PerlinNoise.cpp">
      <Filter>Source Files\Noise</Filter>
    </ClCompile>
    <ClCompile Include="Src\TerrainGen_1.cpp">
      <Filter>Source Files\TerrainGenerators</Filter>
    </ClCompile>
    <ClCompile Include="Src\TerrainGen_2.cpp">
      <Filter>Source Files\TerrainGenerators</Filter>
    </ClCompile>
    <ClCompile Include="Src\TerrainGen_3.cpp">
      <Filter>Source Files\TerrainGenerators</Filter>
    </ClCompile>
    <ClCompile Include="Src\MainMenuScreen.cpp">
      <Filter>Source Files\UI\ActualScreens</Filter>
    </ClCompile>
    <ClCompile Include="Src\PauseMenu.cpp">
      <Filter>Source Files\UI\ActualScreens</Filter>
    </ClCompile>
    <ClCompile Include="Src\PlayerHUDScreen.cpp">
      <Filter>Source Files\UI\ActualScreens</Filter>
    </ClCompile>
    <ClCompile Include="Src\PlayerInventory.cpp">
      <Filter>Source Files\UI\ActualScreens</Filter>
    </ClCompile>
    <ClCompile Include="Src\ItemDisplayer.cpp">
      <Filter>Source Files\UI\ActualWidgets</Filter>
    </ClCompile>
    <ClCompile Include="Src\MenuButtons.cpp">
      <Filter>Source Files\UI\ActualWidgets</Filter>
    </ClCompile>
    <ClCompile Include="Src\TextDisplayer.cpp">
      <Filter>Source Files\UI\ActualWidgets</Filter>
    </ClCompile>
    <ClCompile Include="Src\UIManager.cpp">
      <Filter>Source Files\UI</Filter>
    </ClCompile>
    <ClCompile Include="Src\AABB.cpp">
      <Filter>Source Files</Filter>
    </ClCompile>
    <ClCompile Include="Src\AudioManager.cpp">
      <Filter>Source Files</Filter>
    </ClCompile>
    <ClCompile Include="Src\Block.cpp">
      <Filter>Source Files</Filter>
    </ClCompile>
    <ClCompile Include="Src\Camera.cpp">
      <Filter>Source Files</Filter>
    </ClCompile>
    <ClCompile Include="Src\Chunk.cpp">
      <Filter>Source Files</Filter>
    </ClCompile>
    <ClCompile Include="Src\ChunkGenerator.cpp">
      <Filter>Source Files</Filter>
    </ClCompile>
    <ClCompile Include="Src\ChunkProvider.cpp">
      <Filter>Source Files</Filter>
    </ClCompile>
    <ClCompile Include="Src\DebugRenderer.cpp">
      <Filter>Source Files</Filter>
    </ClCompile>
    <ClCompile Include="Src\Game.cpp">
      <Filter>Source Files</Filter>
    </ClCompile>
    <ClCompile Include="Src\glad.c">
      <Filter>Source Files</Filter>
    </ClCompile>
    <ClCompile Include="Src\Level.cpp">
      <Filter>Source Files</Filter>
    </ClCompile>
    <ClCompile Include="Src\Main.cpp">
      <Filter>Source Files</Filter>
    </ClCompile>
    <ClCompile Include="Src\MathHelper.cpp">
      <Filter>Source Files</Filter>
    </ClCompile>
    <ClCompile Include="Src\Model.cpp">
      <Filter>Source Files</Filter>
    </ClCompile>
    <ClCompile Include="Src\Shader.cpp">
      <Filter>Source Files</Filter>
    </ClCompile>
    <ClCompile Include="Src\SkyManager.cpp">
      <Filter>Source Files</Filter>
    </ClCompile>
    <ClCompile Include="Src\Texture.cpp">
      <Filter>Source Files</Filter>
    </ClCompile>
    <ClCompile Include="Src\Utilities.cpp">
      <Filter>Source Files</Filter>
    </ClCompile>
    <ClCompile Include="Src\Window.cpp">
      <Filter>Source Files</Filter>
    </ClCompile>
    <ClCompile Include="Src\WorldManager.cpp">
      <Filter>Source Files</Filter>
    </ClCompile>
    <ClCompile Include="Src\ThreadPool.cpp">
      <Filter>Source Files</Filter>
    </ClCompile>
    <ClCompile Include="Src\DebugUIManager.cpp">
      <Filter>Source Files</Filter>
    </ClCompile>
    <ClCompile Include="ImGui\imgui.cpp">
      <Filter>ImGui</Filter>
    </ClCompile>
    <ClCompile Include="ImGui\imgui_demo.cpp">
      <Filter>ImGui</Filter>
    </ClCompile>
    <ClCompile Include="ImGui\imgui_draw.cpp">
      <Filter>ImGui</Filter>
    </ClCompile>
    <ClCompile Include="ImGui\imgui_tables.cpp">
      <Filter>ImGui</Filter>
    </ClCompile>
    <ClCompile Include="ImGui\imgui_widgets.cpp">
      <Filter>ImGui</Filter>
    </ClCompile>
    <ClCompile Include="ImGui\backends\imgui_impl_opengl3.cpp">
      <Filter>ImGui</Filter>
    </ClCompile>
    <ClCompile Include="ImGui\backends\imgui_impl_sdl2.cpp">
      <Filter>ImGui</Filter>
    </ClCompile>
    <ClCompile Include="Src\NetworkingManager.cpp">
      <Filter>Source Files</Filter>
    </ClCompile>
    <ClCompile Include="Src\ImageDisplayer.cpp">
      <Filter>Source Files\UI\ActualWidgets</Filter>
    </ClCompile>
  </ItemGroup>
  <ItemGroup>
    <ClInclude Include="Headers\NoiseGeneratorOctave3.h">
      <Filter>Source Files\AlphaInfdevNoise</Filter>
    </ClInclude>
    <ClInclude Include="Headers\NoiseGeneratorPerlin3.h">
      <Filter>Source Files\AlphaInfdevNoise</Filter>
    </ClInclude>
    <ClInclude Include="Headers\NoiseGeneratorOctave.h">
      <Filter>Source Files\EarlyInfdevNoise</Filter>
    </ClInclude>
    <ClInclude Include="Headers\NoiseGeneratorPerlin.h">
      <Filter>Source Files\EarlyInfdevNoise</Filter>
    </ClInclude>
    <ClInclude Include="Headers\Entity.h">
      <Filter>Source Files\Entities</Filter>
    </ClInclude>
    <ClInclude Include="Headers\Player.h">
      <Filter>Source Files\Entities</Filter>
    </ClInclude>
    <ClInclude Include="Headers\InventoryItem.h">
      <Filter>Source Files\Items</Filter>
    </ClInclude>
    <ClInclude Include="Headers\Item.h">
      <Filter>Source Files\Items</Filter>
    </ClInclude>
    <ClInclude Include="Headers\NoiseGeneratorOctave2.h">
      <Filter>Source Files\MidInfdevNoise</Filter>
    </ClInclude>
    <ClInclude Include="Headers\NoiseGeneratorPerlin2.h">
      <Filter>Source Files\MidInfdevNoise</Filter>
    </ClInclude>
    <ClInclude Include="Headers\CombinedNoise.h">
      <Filter>Source Files\Noise</Filter>
    </ClInclude>
    <ClInclude Include="Headers\Noise.h">
      <Filter>Source Files\Noise</Filter>
    </ClInclude>
    <ClInclude Include="Headers\OctaveNoise.h">
      <Filter>Source Files\Noise</Filter>
    </ClInclude>
    <ClInclude Include="Headers\PerlinNoise.h">
      <Filter>Source Files\Noise</Filter>
    </ClInclude>
    <ClInclude Include="Headers\TerrainGen_1.h">
      <Filter>Source Files\TerrainGenerators</Filter>
    </ClInclude>
    <ClInclude Include="Headers\TerrainGen_2.h">
      <Filter>Source Files\TerrainGenerators</Filter>
    </ClInclude>
    <ClInclude Include="Headers\TerrainGen_3.h">
      <Filter>Source Files\TerrainGenerators</Filter>
    </ClInclude>
    <ClInclude Include="Headers\MainMenuScreen.h">
      <Filter>Source Files\UI\ActualScreens</Filter>
    </ClInclude>
    <ClInclude Include="Headers\PauseMenu.h">
      <Filter>Source Files\UI\ActualScreens</Filter>
    </ClInclude>
    <ClInclude Include="Headers\PlayerHUDScreen.h">
      <Filter>Source Files\UI\ActualScreens</Filter>
    </ClInclude>
    <ClInclude Include="Headers\PlayerInventory.h">
      <Filter>Source Files\UI\ActualScreens</Filter>
    </ClInclude>
    <ClInclude Include="Headers\ItemDisplayer.h">
      <Filter>Source Files\UI\ActualWidgets</Filter>
    </ClInclude>
    <ClInclude Include="Headers\MenuButtons.h">
      <Filter>Source Files\UI\ActualWidgets</Filter>
    </ClInclude>
    <ClInclude Include="Headers\TextDisplayer.h">
      <Filter>Source Files\UI\ActualWidgets</Filter>
    </ClInclude>
    <ClInclude Include="Headers\Widget.h">
      <Filter>Source Files\UI</Filter>
    </ClInclude>
    <ClInclude Include="Headers\UIManager.h">
      <Filter>Source Files\UI</Filter>
    </ClInclude>
    <ClInclude Include="Headers\AABB.h">
      <Filter>Source Files</Filter>
    </ClInclude>
    <ClInclude Include="Headers\AudioManager.h">
      <Filter>Source Files</Filter>
    </ClInclude>
    <ClInclude Include="Headers\Block.h">
      <Filter>Source Files</Filter>
    </ClInclude>
    <ClInclude Include="Headers\Camera.h">
      <Filter>Source Files</Filter>
    </ClInclude>
    <ClInclude Include="Headers\Chunk.h">
      <Filter>Source Files</Filter>
    </ClInclude>
    <ClInclude Include="Headers\ChunkGenerator.h">
      <Filter>Source Files</Filter>
    </ClInclude>
    <ClInclude Include="Headers\ChunkProvider.h">
      <Filter>Source Files</Filter>
    </ClInclude>
    <ClInclude Include="Headers\DebugRenderer.h">
      <Filter>Source Files</Filter>
    </ClInclude>
    <ClInclude Include="Headers\Game.h">
      <Filter>Source Files</Filter>
    </ClInclude>
    <ClInclude Include="Headers\Level.h">
      <Filter>Source Files</Filter>
    </ClInclude>
    <ClInclude Include="Headers\MathHelper.h">
      <Filter>Source Files</Filter>
    </ClInclude>
    <ClInclude Include="Headers\miniaudio.h">
      <Filter>Source Files</Filter>
    </ClInclude>
    <ClInclude Include="Headers\Model.h">
      <Filter>Source Files</Filter>
    </ClInclude>
    <ClInclude Include="Headers\Shader.h">
      <Filter>Source Files</Filter>
    </ClInclude>
    <ClInclude Include="Headers\SkyManager.h">
      <Filter>Source Files</Filter>
    </ClInclude>
    <ClInclude Include="Headers\Texture.h">
      <Filter>Source Files</Filter>
    </ClInclude>
    <ClInclude Include="Headers\Utilities.h">
      <Filter>Source Files</Filter>
    </ClInclude>
    <ClInclude Include="Headers\Window.h">
      <Filter>Source Files</Filter>
    </ClInclude>
    <ClInclude Include="Headers\WorldManager.h">
      <Filter>Source Files</Filter>
    </ClInclude>
    <ClInclude Include="Headers\ThreadPool.h">
      <Filter>Source Files</Filter>
    </ClInclude>
    <ClInclude Include="Headers\DebugUIManager.h">
      <Filter>Source Files</Filter>
    </ClInclude>
    <ClInclude Include="Headers\NetworkingManager.h">
      <Filter>Source Files</Filter>
    </ClInclude>
    <ClInclude Include="Headers\ImageDisplayer.h">
      <Filter>Source Files\UI\ActualWidgets</Filter>
    </ClInclude>
  </ItemGroup>
</Project>